{
    "name": "level-tool2",
    "version": "1.0.0",
    "lockfileVersion": 2,
    "requires": true,
    "packages": {
        "": {
            "name": "level-tool2",
            "version": "1.0.0",
            "dependencies": {
                "bin-format": "^1.4.3",
                "yaml": "2.1.3"
            }
        },
        "node_modules/bin-format": {
            "version": "1.4.3",
            "resolved": "https://registry.npmjs.org/bin-format/-/bin-format-1.4.3.tgz",
            "integrity": "sha512-Dd/6UL1ez1Gm7YTlHhyQ1UMV/XrUugFsw+chmDy70eO3e7u+ZUDiqRfbBc9RXHWhWa4iKjePJ43faJHscDqJFQ=="
        },
        "node_modules/yaml": {
            "version": "2.1.3",
            "resolved": "https://registry.npmjs.org/yaml/-/yaml-2.1.3.tgz",
            "integrity": "sha512-AacA8nRULjKMX2DvWvOAdBZMOfQlypSFkjcOcu9FalllIDJ1kvlREzcdIZmidQUqqeMv7jorHjq2HlLv/+c2lg==",
            "engines": {
                "node": ">= 14"
            }
        }
    },
    "dependencies": {
        "bin-format": {
            "version": "1.4.3",
            "resolved": "https://registry.npmjs.org/bin-format/-/bin-format-1.4.3.tgz",
            "integrity": "sha512-Dd/6UL1ez1Gm7YTlHhyQ1UMV/XrUugFsw+chmDy70eO3e7u+ZUDiqRfbBc9RXHWhWa4iKjePJ43faJHscDqJFQ=="
        },
        "yaml": {
            "version": "2.1.3",
            "resolved": "https://registry.npmjs.org/yaml/-/yaml-2.1.3.tgz",
            "integrity": "sha512-AacA8nRULjKMX2DvWvOAdBZMOfQlypSFkjcOcu9FalllIDJ1kvlREzcdIZmidQUqqeMv7jorHjq2HlLv/+c2lg=="
        }
    }
}
